
Microsoft Visual Studio Solution File, Format Version 12.00
# Visual Studio Version 16
VisualStudioVersion = 16.0.29123.88
MinimumVisualStudioVersion = 10.0.40219.1
Project("{FAE04EC0-301F-11D3-BF4B-00C04F79EFBC}") = "ColorReplacement", "ColorReplacement.csproj", "{57FD693E-B63B-4F7B-B9D0-62BDF90976C4}"
EndProject
Global
	GlobalSection(SolutionConfigurationPlatforms) = preSolution
		Debug|Any CPU = Debug|Any CPU
		Release|Any CPU = Release|Any CPU
	EndGlobalSection
	GlobalSection(ProjectConfigurationPlatforms) = postSolution
		{57FD693E-B63B-4F7B-B9D0-62BDF90976C4}.Debug|Any CPU.ActiveCfg = Debug|Any CPU
		{57FD693E-B63B-4F7B-B9D0-62BDF90976C4}.Debug|Any CPU.Build.0 = Debug|Any CPU
		{57FD693E-B63B-4F7B-B9D0-62BDF90976C4}.Release|Any CPU.ActiveCfg = Release|Any CPU
		{57FD693E-B63B-4F7B-B9D0-62BDF90976C4}.Release|Any CPU.Build.0 = Release|Any CPU
	EndGlobalSection
	GlobalSection(SolutionProperties) = preSolution
		HideSolutionNode = FALSE
	EndGlobalSection
	GlobalSection(ExtensibilityGlobals) = postSolution
		SolutionGuid = {0B9A02C1-F5D6-40E7-A411-258B71B29037}
	EndGlobalSection
EndGlobal
