
Microsoft Visual Studio Solution File, Format Version 12.00
# Visual Studio Version 16
VisualStudioVersion = 16.0.30611.23
MinimumVisualStudioVersion = 10.0.40219.1
Project("{FAE04EC0-301F-11D3-BF4B-00C04F79EFBC}") = "BigNumberLibrary", "BigNumberLibrary\BigNumberLibrary.csproj", "{144E6293-E759-4848-B497-D17F8995C02F}"
EndProject
Project("{FAE04EC0-301F-11D3-BF4B-00C04F79EFBC}") = "BigNumberLibraryReviewApp", "BigNumberLibraryReviewApp\BigNumberLibraryReviewApp.csproj", "{BD2DA228-412E-4A06-A12D-FF0F05D72459}"
EndProject
Global
	GlobalSection(SolutionConfigurationPlatforms) = preSolution
		Debug|Any CPU = Debug|Any CPU
		Release|Any CPU = Release|Any CPU
	EndGlobalSection
	GlobalSection(ProjectConfigurationPlatforms) = postSolution
		{144E6293-E759-4848-B497-D17F8995C02F}.Debug|Any CPU.ActiveCfg = Debug|Any CPU
		{144E6293-E759-4848-B497-D17F8995C02F}.Debug|Any CPU.Build.0 = Debug|Any CPU
		{144E6293-E759-4848-B497-D17F8995C02F}.Release|Any CPU.ActiveCfg = Release|Any CPU
		{144E6293-E759-4848-B497-D17F8995C02F}.Release|Any CPU.Build.0 = Release|Any CPU
		{BD2DA228-412E-4A06-A12D-FF0F05D72459}.Debug|Any CPU.ActiveCfg = Debug|Any CPU
		{BD2DA228-412E-4A06-A12D-FF0F05D72459}.Debug|Any CPU.Build.0 = Debug|Any CPU
		{BD2DA228-412E-4A06-A12D-FF0F05D72459}.Release|Any CPU.ActiveCfg = Release|Any CPU
		{BD2DA228-412E-4A06-A12D-FF0F05D72459}.Release|Any CPU.Build.0 = Release|Any CPU
	EndGlobalSection
	GlobalSection(SolutionProperties) = preSolution
		HideSolutionNode = FALSE
	EndGlobalSection
	GlobalSection(ExtensibilityGlobals) = postSolution
		SolutionGuid = {A90BF5FD-9E35-4024-AD68-E505DF1A2B04}
	EndGlobalSection
EndGlobal
