
Microsoft Visual Studio Solution File, Format Version 12.00
# Visual Studio Version 16
VisualStudioVersion = 16.0.29123.88
MinimumVisualStudioVersion = 10.0.40219.1
Project("{FAE04EC0-301F-11D3-BF4B-00C04F79EFBC}") = "QuadraticEqRoot", "QuadraticEqRoot.csproj", "{31C359E9-0C39-4115-9BF3-361BA29D691C}"
EndProject
Global
	GlobalSection(SolutionConfigurationPlatforms) = preSolution
		Debug|Any CPU = Debug|Any CPU
		Release|Any CPU = Release|Any CPU
	EndGlobalSection
	GlobalSection(ProjectConfigurationPlatforms) = postSolution
		{31C359E9-0C39-4115-9BF3-361BA29D691C}.Debug|Any CPU.ActiveCfg = Debug|Any CPU
		{31C359E9-0C39-4115-9BF3-361BA29D691C}.Debug|Any CPU.Build.0 = Debug|Any CPU
		{31C359E9-0C39-4115-9BF3-361BA29D691C}.Release|Any CPU.ActiveCfg = Release|Any CPU
		{31C359E9-0C39-4115-9BF3-361BA29D691C}.Release|Any CPU.Build.0 = Release|Any CPU
	EndGlobalSection
	GlobalSection(SolutionProperties) = preSolution
		HideSolutionNode = FALSE
	EndGlobalSection
	GlobalSection(ExtensibilityGlobals) = postSolution
		SolutionGuid = {FCD7F6F3-2698-4947-9AB4-53A819D7288A}
	EndGlobalSection
EndGlobal
