
Microsoft Visual Studio Solution File, Format Version 12.00
# Visual Studio 15
VisualStudioVersion = 15.0.27703.2000
MinimumVisualStudioVersion = 10.0.40219.1
Project("{FAE04EC0-301F-11D3-BF4B-00C04F79EFBC}") = "MusicBrowser.Console", "MusicBrowser.Console\MusicBrowser.Console.csproj", "{26B224DB-0154-4AC9-A17C-C51BD6BF9532}"
EndProject
Global
	GlobalSection(SolutionConfigurationPlatforms) = preSolution
		Debug|Any CPU = Debug|Any CPU
		Release|Any CPU = Release|Any CPU
	EndGlobalSection
	GlobalSection(ProjectConfigurationPlatforms) = postSolution
		{26B224DB-0154-4AC9-A17C-C51BD6BF9532}.Debug|Any CPU.ActiveCfg = Debug|Any CPU
		{26B224DB-0154-4AC9-A17C-C51BD6BF9532}.Debug|Any CPU.Build.0 = Debug|Any CPU
		{26B224DB-0154-4AC9-A17C-C51BD6BF9532}.Release|Any CPU.ActiveCfg = Release|Any CPU
		{26B224DB-0154-4AC9-A17C-C51BD6BF9532}.Release|Any CPU.Build.0 = Release|Any CPU
	EndGlobalSection
	GlobalSection(SolutionProperties) = preSolution
		HideSolutionNode = FALSE
	EndGlobalSection
	GlobalSection(ExtensibilityGlobals) = postSolution
		SolutionGuid = {A114AAC3-638B-4CD5-83D1-D8C68AB20C9F}
	EndGlobalSection
EndGlobal
