
Microsoft Visual Studio Solution File, Format Version 12.00
# Visual Studio Version 16
VisualStudioVersion = 16.0.30611.23
MinimumVisualStudioVersion = 10.0.40219.1
Project("{9A19103F-16F7-4668-BE54-9A1E7A4F7556}") = "CashpointModel", "CashpointModel\CashpointModel.csproj", "{FAAC13FD-0B75-4821-9089-C47BF0258725}"
EndProject
Project("{FAE04EC0-301F-11D3-BF4B-00C04F79EFBC}") = "CashpointTests", "CashpointTests\CashpointTests.csproj", "{678E6B9A-A8F1-4168-BBC9-2121E19D20DC}"
EndProject
Global
	GlobalSection(SolutionConfigurationPlatforms) = preSolution
		Debug|Any CPU = Debug|Any CPU
		Release|Any CPU = Release|Any CPU
	EndGlobalSection
	GlobalSection(ProjectConfigurationPlatforms) = postSolution
		{FAAC13FD-0B75-4821-9089-C47BF0258725}.Debug|Any CPU.ActiveCfg = Debug|Any CPU
		{FAAC13FD-0B75-4821-9089-C47BF0258725}.Debug|Any CPU.Build.0 = Debug|Any CPU
		{FAAC13FD-0B75-4821-9089-C47BF0258725}.Release|Any CPU.ActiveCfg = Release|Any CPU
		{FAAC13FD-0B75-4821-9089-C47BF0258725}.Release|Any CPU.Build.0 = Release|Any CPU
		{678E6B9A-A8F1-4168-BBC9-2121E19D20DC}.Debug|Any CPU.ActiveCfg = Debug|Any CPU
		{678E6B9A-A8F1-4168-BBC9-2121E19D20DC}.Debug|Any CPU.Build.0 = Debug|Any CPU
		{678E6B9A-A8F1-4168-BBC9-2121E19D20DC}.Release|Any CPU.ActiveCfg = Release|Any CPU
		{678E6B9A-A8F1-4168-BBC9-2121E19D20DC}.Release|Any CPU.Build.0 = Release|Any CPU
	EndGlobalSection
	GlobalSection(SolutionProperties) = preSolution
		HideSolutionNode = FALSE
	EndGlobalSection
	GlobalSection(ExtensibilityGlobals) = postSolution
		SolutionGuid = {61E36683-2974-47D6-ABDF-E49FF47B818B}
	EndGlobalSection
EndGlobal
