
Microsoft Visual Studio Solution File, Format Version 12.00
# Visual Studio Version 16
VisualStudioVersion = 16.0.30611.23
MinimumVisualStudioVersion = 10.0.40219.1
Project("{FAE04EC0-301F-11D3-BF4B-00C04F79EFBC}") = "Casting", "Casting\Casting.csproj", "{53A1C8B1-C49F-48D7-9ECA-992034ECFCFE}"
EndProject
Global
	GlobalSection(SolutionConfigurationPlatforms) = preSolution
		Debug|Any CPU = Debug|Any CPU
		Release|Any CPU = Release|Any CPU
	EndGlobalSection
	GlobalSection(ProjectConfigurationPlatforms) = postSolution
		{53A1C8B1-C49F-48D7-9ECA-992034ECFCFE}.Debug|Any CPU.ActiveCfg = Debug|Any CPU
		{53A1C8B1-C49F-48D7-9ECA-992034ECFCFE}.Debug|Any CPU.Build.0 = Debug|Any CPU
		{53A1C8B1-C49F-48D7-9ECA-992034ECFCFE}.Release|Any CPU.ActiveCfg = Release|Any CPU
		{53A1C8B1-C49F-48D7-9ECA-992034ECFCFE}.Release|Any CPU.Build.0 = Release|Any CPU
	EndGlobalSection
	GlobalSection(SolutionProperties) = preSolution
		HideSolutionNode = FALSE
	EndGlobalSection
	GlobalSection(ExtensibilityGlobals) = postSolution
		SolutionGuid = {97B5E83E-393A-4C32-B06F-415CE457B94E}
	EndGlobalSection
EndGlobal
