Microsoft Visual Studio Solution File, Format Version 12.00
# Visual Studio Version 16
VisualStudioVersion = 16.0.29123.88
MinimumVisualStudioVersion = 10.0.40219.1
Project("{9A19103F-16F7-4668-BE54-9A1E7A4F7556}") = "Scene2d", "Scene2d.csproj", "{83FCC948-1C98-4765-848F-91092E1CBE0C}"
EndProject
Project("{FAE04EC0-301F-11D3-BF4B-00C04F79EFBC}") = "SceneTests", "..\SceneTests\SceneTests.csproj", "{5C243AF3-3CB8-4A53-9511-B90C5B1EC20E}"
EndProject
Global
	GlobalSection(SolutionConfigurationPlatforms) = preSolution
		Debug|Any CPU = Debug|Any CPU
		Release|Any CPU = Release|Any CPU
	EndGlobalSection
	GlobalSection(ProjectConfigurationPlatforms) = postSolution
		{83FCC948-1C98-4765-848F-91092E1CBE0C}.Debug|Any CPU.ActiveCfg = Debug|Any CPU
		{83FCC948-1C98-4765-848F-91092E1CBE0C}.Debug|Any CPU.Build.0 = Debug|Any CPU
		{83FCC948-1C98-4765-848F-91092E1CBE0C}.Release|Any CPU.ActiveCfg = Release|Any CPU
		{83FCC948-1C98-4765-848F-91092E1CBE0C}.Release|Any CPU.Build.0 = Release|Any CPU
		{5C243AF3-3CB8-4A53-9511-B90C5B1EC20E}.Debug|Any CPU.ActiveCfg = Debug|Any CPU
		{5C243AF3-3CB8-4A53-9511-B90C5B1EC20E}.Debug|Any CPU.Build.0 = Debug|Any CPU
		{5C243AF3-3CB8-4A53-9511-B90C5B1EC20E}.Release|Any CPU.ActiveCfg = Release|Any CPU
		{5C243AF3-3CB8-4A53-9511-B90C5B1EC20E}.Release|Any CPU.Build.0 = Release|Any CPU
	EndGlobalSection
	GlobalSection(SolutionProperties) = preSolution
		HideSolutionNode = FALSE
	EndGlobalSection
	GlobalSection(ExtensibilityGlobals) = postSolution
		SolutionGuid = {1F18C671-BBB1-4666-8471-45FCE4B26F8A}
	EndGlobalSection
EndGlobal
